
Microsoft Visual Studio Solution File, Format Version 12.00
# Visual Studio Version 17
VisualStudioVersion = 17.9.34723.18
MinimumVisualStudioVersion = 10.0.40219.1
Project("{9A19103F-16F7-4668-BE54-9A1E7A4F7556}") = "DesafioPOO", "DesafioPOO.csproj", "{35A0FE8E-4DC9-4D8C-84CD-3C25AD346047}"
EndProject
Global
	GlobalSection(SolutionConfigurationPlatforms) = preSolution
		Debug|Any CPU = Debug|Any CPU
		Release|Any CPU = Release|Any CPU
	EndGlobalSection
	GlobalSection(ProjectConfigurationPlatforms) = postSolution
		{35A0FE8E-4DC9-4D8C-84CD-3C25AD346047}.Debug|Any CPU.ActiveCfg = Debug|Any CPU
		{35A0FE8E-4DC9-4D8C-84CD-3C25AD346047}.Debug|Any CPU.Build.0 = Debug|Any CPU
		{35A0FE8E-4DC9-4D8C-84CD-3C25AD346047}.Release|Any CPU.ActiveCfg = Release|Any CPU
		{35A0FE8E-4DC9-4D8C-84CD-3C25AD346047}.Release|Any CPU.Build.0 = Release|Any CPU
	EndGlobalSection
	GlobalSection(SolutionProperties) = preSolution
		HideSolutionNode = FALSE
	EndGlobalSection
	GlobalSection(ExtensibilityGlobals) = postSolution
		SolutionGuid = {45694237-2D8A-4102-B5E3-7ECB88928D49}
	EndGlobalSection
EndGlobal
